// !$*UTF8*$!
{
	archiveVersion = 1;
	classes = {
	};
	objectVersion = 46;
	objects = {

/* Begin PBXBuildFile section */
		B9564379164C7A1E0045DF92 /* UIKit.framework in Frameworks */ = {isa = PBXBuildFile; fileRef = B9564378164C7A1E0045DF92 /* UIKit.framework */; };
		B956437B164C7A1E0045DF92 /* Foundation.framework in Frameworks */ = {isa = PBXBuildFile; fileRef = B956437A164C7A1E0045DF92 /* Foundation.framework */; };
		B956437D164C7A1E0045DF92 /* CoreGraphics.framework in Frameworks */ = {isa = PBXBuildFile; fileRef = B956437C164C7A1E0045DF92 /* CoreGraphics.framework */; };
		B9564383164C7A1E0045DF92 /* InfoPlist.strings in Resources */ = {isa = PBXBuildFile; fileRef = B9564381164C7A1E0045DF92 /* InfoPlist.strings */; };
		B9564385164C7A1E0045DF92 /* main.m in Sources */ = {isa = PBXBuildFile; fileRef = B9564384164C7A1E0045DF92 /* main.m */; };
		B9564389164C7A1E0045DF92 /* AppDelegate.m in Sources */ = {isa = PBXBuildFile; fileRef = B9564388164C7A1E0045DF92 /* AppDelegate.m */; };
		B956438B164C7A1E0045DF92 /* Default.png in Resources */ = {isa = PBXBuildFile; fileRef = B956438A164C7A1E0045DF92 /* Default.png */; };
		B956438D164C7A1E0045DF92 /* Default@2x.png in Resources */ = {isa = PBXBuildFile; fileRef = B956438C164C7A1E0045DF92 /* Default@2x.png */; };
		B956438F164C7A1E0045DF92 /* Default-568h@2x.png in Resources */ = {isa = PBXBuildFile; fileRef = B956438E164C7A1E0045DF92 /* Default-568h@2x.png */; };
		B9564392164C7A1E0045DF92 /* MainStoryboard_iPhone.storyboard in Resources */ = {isa = PBXBuildFile; fileRef = B9564390164C7A1E0045DF92 /* MainStoryboard_iPhone.storyboard */; };
		B9564395164C7A1E0045DF92 /* MainStoryboard_iPad.storyboard in Resources */ = {isa = PBXBuildFile; fileRef = B9564393164C7A1E0045DF92 /* MainStoryboard_iPad.storyboard */; };
		B9564398164C7A1E0045DF92 /* HomeViewController.m in Sources */ = {isa = PBXBuildFile; fileRef = B9564397164C7A1E0045DF92 /* HomeViewController.m */; };
		B956439A164C7A1E0045DF92 /* first.png in Resources */ = {isa = PBXBuildFile; fileRef = B9564399164C7A1E0045DF92 /* first.png */; };
		B956439C164C7A1E0045DF92 /* first@2x.png in Resources */ = {isa = PBXBuildFile; fileRef = B956439B164C7A1E0045DF92 /* first@2x.png */; };
		B956439F164C7A1E0045DF92 /* GroupViewController.m in Sources */ = {isa = PBXBuildFile; fileRef = B956439E164C7A1E0045DF92 /* GroupViewController.m */; };
		B95643A1164C7A1E0045DF92 /* second.png in Resources */ = {isa = PBXBuildFile; fileRef = B95643A0164C7A1E0045DF92 /* second.png */; };
		B95643A3164C7A1E0045DF92 /* second@2x.png in Resources */ = {isa = PBXBuildFile; fileRef = B95643A2164C7A1E0045DF92 /* second@2x.png */; };
		B95643AB164C7A1E0045DF92 /* SenTestingKit.framework in Frameworks */ = {isa = PBXBuildFile; fileRef = B95643AA164C7A1E0045DF92 /* SenTestingKit.framework */; };
		B95643AC164C7A1E0045DF92 /* UIKit.framework in Frameworks */ = {isa = PBXBuildFile; fileRef = B9564378164C7A1E0045DF92 /* UIKit.framework */; };
		B95643AD164C7A1E0045DF92 /* Foundation.framework in Frameworks */ = {isa = PBXBuildFile; fileRef = B956437A164C7A1E0045DF92 /* Foundation.framework */; };
		B95643B5164C7A1E0045DF92 /* InfoPlist.strings in Resources */ = {isa = PBXBuildFile; fileRef = B95643B3164C7A1E0045DF92 /* InfoPlist.strings */; };
		B95643B8164C7A1E0045DF92 /* ExpenseShareTests.m in Sources */ = {isa = PBXBuildFile; fileRef = B95643B7164C7A1E0045DF92 /* ExpenseShareTests.m */; };
/* End PBXBuildFile section */

/* Begin PBXContainerItemProxy section */
		B95643AE164C7A1E0045DF92 /* PBXContainerItemProxy */ = {
			isa = PBXContainerItemProxy;
			containerPortal = B956436B164C7A1E0045DF92 /* Project object */;
			proxyType = 1;
			remoteGlobalIDString = B9564373164C7A1E0045DF92;
			remoteInfo = ExpenseShare;
		};
/* End PBXContainerItemProxy section */

/* Begin PBXFileReference section */
		B9564374164C7A1E0045DF92 /* ExpenseShare.app */ = {isa = PBXFileReference; explicitFileType = wrapper.application; includeInIndex = 0; path = ExpenseShare.app; sourceTree = BUILT_PRODUCTS_DIR; };
		B9564378164C7A1E0045DF92 /* UIKit.framework */ = {isa = PBXFileReference; lastKnownFileType = wrapper.framework; name = UIKit.framework; path = System/Library/Frameworks/UIKit.framework; sourceTree = SDKROOT; };
		B956437A164C7A1E0045DF92 /* Foundation.framework */ = {isa = PBXFileReference; lastKnownFileType = wrapper.framework; name = Foundation.framework; path = System/Library/Frameworks/Foundation.framework; sourceTree = SDKROOT; };
		B956437C164C7A1E0045DF92 /* CoreGraphics.framework */ = {isa = PBXFileReference; lastKnownFileType = wrapper.framework; name = CoreGraphics.framework; path = System/Library/Frameworks/CoreGraphics.framework; sourceTree = SDKROOT; };
		B9564380164C7A1E0045DF92 /* ExpenseShare-Info.plist */ = {isa = PBXFileReference; lastKnownFileType = text.plist.xml; path = "ExpenseShare-Info.plist"; sourceTree = "<group>"; };
		B9564382164C7A1E0045DF92 /* en */ = {isa = PBXFileReference; lastKnownFileType = text.plist.strings; name = en; path = en.lproj/InfoPlist.strings; sourceTree = "<group>"; };
		B9564384164C7A1E0045DF92 /* main.m */ = {isa = PBXFileReference; lastKnownFileType = sourcecode.c.objc; path = main.m; sourceTree = "<group>"; };
		B9564386164C7A1E0045DF92 /* ExpenseShare-Prefix.pch */ = {isa = PBXFileReference; lastKnownFileType = sourcecode.c.h; path = "ExpenseShare-Prefix.pch"; sourceTree = "<group>"; };
		B9564387164C7A1E0045DF92 /* AppDelegate.h */ = {isa = PBXFileReference; lastKnownFileType = sourcecode.c.h; path = AppDelegate.h; sourceTree = "<group>"; };
		B9564388164C7A1E0045DF92 /* AppDelegate.m */ = {isa = PBXFileReference; lastKnownFileType = sourcecode.c.objc; path = AppDelegate.m; sourceTree = "<group>"; };
		B956438A164C7A1E0045DF92 /* Default.png */ = {isa = PBXFileReference; lastKnownFileType = image.png; path = Default.png; sourceTree = "<group>"; };
		B956438C164C7A1E0045DF92 /* Default@2x.png */ = {isa = PBXFileReference; lastKnownFileType = image.png; path = "Default@2x.png"; sourceTree = "<group>"; };
		B956438E164C7A1E0045DF92 /* Default-568h@2x.png */ = {isa = PBXFileReference; lastKnownFileType = image.png; path = "Default-568h@2x.png"; sourceTree = "<group>"; };
		B9564391164C7A1E0045DF92 /* en */ = {isa = PBXFileReference; lastKnownFileType = file.storyboard; name = en; path = en.lproj/MainStoryboard_iPhone.storyboard; sourceTree = "<group>"; };
		B9564394164C7A1E0045DF92 /* en */ = {isa = PBXFileReference; lastKnownFileType = file.storyboard; name = en; path = en.lproj/MainStoryboard_iPad.storyboard; sourceTree = "<group>"; };
		B9564396164C7A1E0045DF92 /* HomeViewController.h */ = {isa = PBXFileReference; lastKnownFileType = sourcecode.c.h; path = HomeViewController.h; sourceTree = "<group>"; };
		B9564397164C7A1E0045DF92 /* HomeViewController.m */ = {isa = PBXFileReference; lastKnownFileType = sourcecode.c.objc; path = HomeViewController.m; sourceTree = "<group>"; };
		B9564399164C7A1E0045DF92 /* first.png */ = {isa = PBXFileReference; lastKnownFileType = image.png; path = first.png; sourceTree = "<group>"; };
		B956439B164C7A1E0045DF92 /* first@2x.png */ = {isa = PBXFileReference; lastKnownFileType = image.png; path = "first@2x.png"; sourceTree = "<group>"; };
		B956439D164C7A1E0045DF92 /* GroupViewController.h */ = {isa = PBXFileReference; lastKnownFileType = sourcecode.c.h; path = GroupViewController.h; sourceTree = "<group>"; };
		B956439E164C7A1E0045DF92 /* GroupViewController.m */ = {isa = PBXFileReference; lastKnownFileType = sourcecode.c.objc; path = GroupViewController.m; sourceTree = "<group>"; };
		B95643A0164C7A1E0045DF92 /* second.png */ = {isa = PBXFileReference; lastKnownFileType = image.png; path = second.png; sourceTree = "<group>"; };
		B95643A2164C7A1E0045DF92 /* second@2x.png */ = {isa = PBXFileReference; lastKnownFileType = image.png; path = "second@2x.png"; sourceTree = "<group>"; };
		B95643A9164C7A1E0045DF92 /* ExpenseShareTests.octest */ = {isa = PBXFileReference; explicitFileType = wrapper.cfbundle; includeInIndex = 0; path = ExpenseShareTests.octest; sourceTree = BUILT_PRODUCTS_DIR; };
		B95643AA164C7A1E0045DF92 /* SenTestingKit.framework */ = {isa = PBXFileReference; lastKnownFileType = wrapper.framework; name = SenTestingKit.framework; path = Library/Frameworks/SenTestingKit.framework; sourceTree = DEVELOPER_DIR; };
		B95643B2164C7A1E0045DF92 /* ExpenseShareTests-Info.plist */ = {isa = PBXFileReference; lastKnownFileType = text.plist.xml; path = "ExpenseShareTests-Info.plist"; sourceTree = "<group>"; };
		B95643B4164C7A1E0045DF92 /* en */ = {isa = PBXFileReference; lastKnownFileType = text.plist.strings; name = en; path = en.lproj/InfoPlist.strings; sourceTree = "<group>"; };
		B95643B6164C7A1E0045DF92 /* ExpenseShareTests.h */ = {isa = PBXFileReference; lastKnownFileType = sourcecode.c.h; path = ExpenseShareTests.h; sourceTree = "<group>"; };
		B95643B7164C7A1E0045DF92 /* ExpenseShareTests.m */ = {isa = PBXFileReference; lastKnownFileType = sourcecode.c.objc; path = ExpenseShareTests.m; sourceTree = "<group>"; };
/* End PBXFileReference section */

/* Begin PBXFrameworksBuildPhase section */
		B9564371164C7A1E0045DF92 /* Frameworks */ = {
			isa = PBXFrameworksBuildPhase;
			buildActionMask = 2147483647;
			files = (
				B9564379164C7A1E0045DF92 /* UIKit.framework in Frameworks */,
				B956437B164C7A1E0045DF92 /* Foundation.framework in Frameworks */,
				B956437D164C7A1E0045DF92 /* CoreGraphics.framework in Frameworks */,
			);
			runOnlyForDeploymentPostprocessing = 0;
		};
		B95643A5164C7A1E0045DF92 /* Frameworks */ = {
			isa = PBXFrameworksBuildPhase;
			buildActionMask = 2147483647;
			files = (
				B95643AB164C7A1E0045DF92 /* SenTestingKit.framework in Frameworks */,
				B95643AC164C7A1E0045DF92 /* UIKit.framework in Frameworks */,
				B95643AD164C7A1E0045DF92 /* Foundation.framework in Frameworks */,
			);
			runOnlyForDeploymentPostprocessing = 0;
		};
/* End PBXFrameworksBuildPhase section */

/* Begin PBXGroup section */
		B9564369164C7A1E0045DF92 = {
			isa = PBXGroup;
			children = (
				B956437E164C7A1E0045DF92 /* ExpenseShare */,
				B95643B0164C7A1E0045DF92 /* ExpenseShareTests */,
				B9564377164C7A1E0045DF92 /* Frameworks */,
				B9564375164C7A1E0045DF92 /* Products */,
			);
			sourceTree = "<group>";
		};
		B9564375164C7A1E0045DF92 /* Products */ = {
			isa = PBXGroup;
			children = (
				B9564374164C7A1E0045DF92 /* ExpenseShare.app */,
				B95643A9164C7A1E0045DF92 /* ExpenseShareTests.octest */,
			);
			name = Products;
			sourceTree = "<group>";
		};
		B9564377164C7A1E0045DF92 /* Frameworks */ = {
			isa = PBXGroup;
			children = (
				B9564378164C7A1E0045DF92 /* UIKit.framework */,
				B956437A164C7A1E0045DF92 /* Foundation.framework */,
				B956437C164C7A1E0045DF92 /* CoreGraphics.framework */,
				B95643AA164C7A1E0045DF92 /* SenTestingKit.framework */,
			);
			name = Frameworks;
			sourceTree = "<group>";
		};
		B956437E164C7A1E0045DF92 /* ExpenseShare */ = {
			isa = PBXGroup;
			children = (
				B9564387164C7A1E0045DF92 /* AppDelegate.h */,
				B9564388164C7A1E0045DF92 /* AppDelegate.m */,
				B9564390164C7A1E0045DF92 /* MainStoryboard_iPhone.storyboard */,
				B9564393164C7A1E0045DF92 /* MainStoryboard_iPad.storyboard */,
				B9564396164C7A1E0045DF92 /* HomeViewController.h */,
				B9564397164C7A1E0045DF92 /* HomeViewController.m */,
				B9564399164C7A1E0045DF92 /* first.png */,
				B956439B164C7A1E0045DF92 /* first@2x.png */,
				B956439D164C7A1E0045DF92 /* GroupViewController.h */,
				B956439E164C7A1E0045DF92 /* GroupViewController.m */,
				B95643A0164C7A1E0045DF92 /* second.png */,
				B95643A2164C7A1E0045DF92 /* second@2x.png */,
				B956437F164C7A1E0045DF92 /* Supporting Files */,
			);
			path = ExpenseShare;
			sourceTree = "<group>";
		};
		B956437F164C7A1E0045DF92 /* Supporting Files */ = {
			isa = PBXGroup;
			children = (
				B9564380164C7A1E0045DF92 /* ExpenseShare-Info.plist */,
				B9564381164C7A1E0045DF92 /* InfoPlist.strings */,
				B9564384164C7A1E0045DF92 /* main.m */,
				B9564386164C7A1E0045DF92 /* ExpenseShare-Prefix.pch */,
				B956438A164C7A1E0045DF92 /* Default.png */,
				B956438C164C7A1E0045DF92 /* Default@2x.png */,
				B956438E164C7A1E0045DF92 /* Default-568h@2x.png */,
			);
			name = "Supporting Files";
			sourceTree = "<group>";
		};
		B95643B0164C7A1E0045DF92 /* ExpenseShareTests */ = {
			isa = PBXGroup;
			children = (
				B95643B6164C7A1E0045DF92 /* ExpenseShareTests.h */,
				B95643B7164C7A1E0045DF92 /* ExpenseShareTests.m */,
				B95643B1164C7A1E0045DF92 /* Supporting Files */,
			);
			path = ExpenseShareTests;
			sourceTree = "<group>";
		};
		B95643B1164C7A1E0045DF92 /* Supporting Files */ = {
			isa = PBXGroup;
			children = (
				B95643B2164C7A1E0045DF92 /* ExpenseShareTests-Info.plist */,
				B95643B3164C7A1E0045DF92 /* InfoPlist.strings */,
			);
			name = "Supporting Files";
			sourceTree = "<group>";
		};
/* End PBXGroup section */

/* Begin PBXNativeTarget section */
		B9564373164C7A1E0045DF92 /* ExpenseShare */ = {
			isa = PBXNativeTarget;
			buildConfigurationList = B95643BB164C7A1E0045DF92 /* Build configuration list for PBXNativeTarget "ExpenseShare" */;
			buildPhases = (
				B9564370164C7A1E0045DF92 /* Sources */,
				B9564371164C7A1E0045DF92 /* Frameworks */,
				B9564372164C7A1E0045DF92 /* Resources */,
			);
			buildRules = (
			);
			dependencies = (
			);
			name = ExpenseShare;
			productName = ExpenseShare;
			productReference = B9564374164C7A1E0045DF92 /* ExpenseShare.app */;
			productType = "com.apple.product-type.application";
		};
		B95643A8164C7A1E0045DF92 /* ExpenseShareTests */ = {
			isa = PBXNativeTarget;
			buildConfigurationList = B95643BE164C7A1E0045DF92 /* Build configuration list for PBXNativeTarget "ExpenseShareTests" */;
			buildPhases = (
				B95643A4164C7A1E0045DF92 /* Sources */,
				B95643A5164C7A1E0045DF92 /* Frameworks */,
				B95643A6164C7A1E0045DF92 /* Resources */,
				B95643A7164C7A1E0045DF92 /* ShellScript */,
			);
			buildRules = (
			);
			dependencies = (
				B95643AF164C7A1E0045DF92 /* PBXTargetDependency */,
			);
			name = ExpenseShareTests;
			productName = ExpenseShareTests;
			productReference = B95643A9164C7A1E0045DF92 /* ExpenseShareTests.octest */;
			productType = "com.apple.product-type.bundle";
		};
/* End PBXNativeTarget section */

/* Begin PBXProject section */
		B956436B164C7A1E0045DF92 /* Project object */ = {
			isa = PBXProject;
			attributes = {
				LastUpgradeCheck = 0450;
				ORGANIZATIONNAME = UIUC;
			};
			buildConfigurationList = B956436E164C7A1E0045DF92 /* Build configuration list for PBXProject "ExpenseShare" */;
			compatibilityVersion = "Xcode 3.2";
			developmentRegion = English;
			hasScannedForEncodings = 0;
			knownRegions = (
				en,
			);
			mainGroup = B9564369164C7A1E0045DF92;
			productRefGroup = B9564375164C7A1E0045DF92 /* Products */;
			projectDirPath = "";
			projectRoot = "";
			targets = (
				B9564373164C7A1E0045DF92 /* ExpenseShare */,
				B95643A8164C7A1E0045DF92 /* ExpenseShareTests */,
			);
		};
/* End PBXProject section */

/* Begin PBXResourcesBuildPhase section */
		B9564372164C7A1E0045DF92 /* Resources */ = {
			isa = PBXResourcesBuildPhase;
			buildActionMask = 2147483647;
			files = (
				B9564383164C7A1E0045DF92 /* InfoPlist.strings in Resources */,
				B956438B164C7A1E0045DF92 /* Default.png in Resources */,
				B956438D164C7A1E0045DF92 /* Default@2x.png in Resources */,
				B956438F164C7A1E0045DF92 /* Default-568h@2x.png in Resources */,
				B9564392164C7A1E0045DF92 /* MainStoryboard_iPhone.storyboard in Resources */,
				B9564395164C7A1E0045DF92 /* MainStoryboard_iPad.storyboard in Resources */,
				B956439A164C7A1E0045DF92 /* first.png in Resources */,
				B956439C164C7A1E0045DF92 /* first@2x.png in Resources */,
				B95643A1164C7A1E0045DF92 /* second.png in Resources */,
				B95643A3164C7A1E0045DF92 /* second@2x.png in Resources */,
			);
			runOnlyForDeploymentPostprocessing = 0;
		};
		B95643A6164C7A1E0045DF92 /* Resources */ = {
			isa = PBXResourcesBuildPhase;
			buildActionMask = 2147483647;
			files = (
				B95643B5164C7A1E0045DF92 /* InfoPlist.strings in Resources */,
			);
			runOnlyForDeploymentPostprocessing = 0;
		};
/* End PBXResourcesBuildPhase section */

/* Begin PBXShellScriptBuildPhase section */
		B95643A7164C7A1E0045DF92 /* ShellScript */ = {
			isa = PBXShellScriptBuildPhase;
			buildActionMask = 2147483647;
			files = (
			);
			inputPaths = (
			);
			outputPaths = (
			);
			runOnlyForDeploymentPostprocessing = 0;
			shellPath = /bin/sh;
			shellScript = "# Run the unit tests in this test bundle.\n\"${SYSTEM_DEVELOPER_DIR}/Tools/RunUnitTests\"\n";
		};
/* End PBXShellScriptBuildPhase section */

/* Begin PBXSourcesBuildPhase section */
		B9564370164C7A1E0045DF92 /* Sources */ = {
			isa = PBXSourcesBuildPhase;
			buildActionMask = 2147483647;
			files = (
				B9564385164C7A1E0045DF92 /* main.m in Sources */,
				B9564389164C7A1E0045DF92 /* AppDelegate.m in Sources */,
				B9564398164C7A1E0045DF92 /* HomeViewController.m in Sources */,
				B956439F164C7A1E0045DF92 /* GroupViewController.m in Sources */,
			);
			runOnlyForDeploymentPostprocessing = 0;
		};
		B95643A4164C7A1E0045DF92 /* Sources */ = {
			isa = PBXSourcesBuildPhase;
			buildActionMask = 2147483647;
			files = (
				B95643B8164C7A1E0045DF92 /* ExpenseShareTests.m in Sources */,
			);
			runOnlyForDeploymentPostprocessing = 0;
		};
/* End PBXSourcesBuildPhase section */

/* Begin PBXTargetDependency section */
		B95643AF164C7A1E0045DF92 /* PBXTargetDependency */ = {
			isa = PBXTargetDependency;
			target = B9564373164C7A1E0045DF92 /* ExpenseShare */;
			targetProxy = B95643AE164C7A1E0045DF92 /* PBXContainerItemProxy */;
		};
/* End PBXTargetDependency section */

/* Begin PBXVariantGroup section */
		B9564381164C7A1E0045DF92 /* InfoPlist.strings */ = {
			isa = PBXVariantGroup;
			children = (
				B9564382164C7A1E0045DF92 /* en */,
			);
			name = InfoPlist.strings;
			sourceTree = "<group>";
		};
		B9564390164C7A1E0045DF92 /* MainStoryboard_iPhone.storyboard */ = {
			isa = PBXVariantGroup;
			children = (
				B9564391164C7A1E0045DF92 /* en */,
			);
			name = MainStoryboard_iPhone.storyboard;
			sourceTree = "<group>";
		};
		B9564393164C7A1E0045DF92 /* MainStoryboard_iPad.storyboard */ = {
			isa = PBXVariantGroup;
			children = (
				B9564394164C7A1E0045DF92 /* en */,
			);
			name = MainStoryboard_iPad.storyboard;
			sourceTree = "<group>";
		};
		B95643B3164C7A1E0045DF92 /* InfoPlist.strings */ = {
			isa = PBXVariantGroup;
			children = (
				B95643B4164C7A1E0045DF92 /* en */,
			);
			name = InfoPlist.strings;
			sourceTree = "<group>";
		};
/* End PBXVariantGroup section */

/* Begin XCBuildConfiguration section */
		B95643B9164C7A1E0045DF92 /* Debug */ = {
			isa = XCBuildConfiguration;
			buildSettings = {
				ALWAYS_SEARCH_USER_PATHS = NO;
				CLANG_CXX_LANGUAGE_STANDARD = "gnu++0x";
				CLANG_CXX_LIBRARY = "libc++";
				CLANG_ENABLE_OBJC_ARC = YES;
				CLANG_WARN_EMPTY_BODY = YES;
				CLANG_WARN__DUPLICATE_METHOD_MATCH = YES;
				"CODE_SIGN_IDENTITY[sdk=iphoneos*]" = "iPhone Developer";
				COPY_PHASE_STRIP = NO;
				GCC_C_LANGUAGE_STANDARD = gnu99;
				GCC_DYNAMIC_NO_PIC = NO;
				GCC_OPTIMIZATION_LEVEL = 0;
				GCC_PREPROCESSOR_DEFINITIONS = (
					"DEBUG=1",
					"$(inherited)",
				);
				GCC_SYMBOLS_PRIVATE_EXTERN = NO;
				GCC_WARN_ABOUT_RETURN_TYPE = YES;
				GCC_WARN_UNINITIALIZED_AUTOS = YES;
				GCC_WARN_UNUSED_VARIABLE = YES;
				IPHONEOS_DEPLOYMENT_TARGET = 6.0;
				SDKROOT = iphoneos;
				TARGETED_DEVICE_FAMILY = "1,2";
			};
			name = Debug;
		};
		B95643BA164C7A1E0045DF92 /* Release */ = {
			isa = XCBuildConfiguration;
			buildSettings = {
				ALWAYS_SEARCH_USER_PATHS = NO;
				CLANG_CXX_LANGUAGE_STANDARD = "gnu++0x";
				CLANG_CXX_LIBRARY = "libc++";
				CLANG_ENABLE_OBJC_ARC = YES;
				CLANG_WARN_EMPTY_BODY = YES;
				CLANG_WARN__DUPLICATE_METHOD_MATCH = YES;
				"CODE_SIGN_IDENTITY[sdk=iphoneos*]" = "iPhone Developer";
				COPY_PHASE_STRIP = YES;
				GCC_C_LANGUAGE_STANDARD = gnu99;
				GCC_WARN_ABOUT_RETURN_TYPE = YES;
				GCC_WARN_UNINITIALIZED_AUTOS = YES;
				GCC_WARN_UNUSED_VARIABLE = YES;
				IPHONEOS_DEPLOYMENT_TARGET = 6.0;
				OTHER_CFLAGS = "-DNS_BLOCK_ASSERTIONS=1";
				SDKROOT = iphoneos;
				TARGETED_DEVICE_FAMILY = "1,2";
				VALIDATE_PRODUCT = YES;
			};
			name = Release;
		};
		B95643BC164C7A1E0045DF92 /* Debug */ = {
			isa = XCBuildConfiguration;
			buildSettings = {
				GCC_PRECOMPILE_PREFIX_HEADER = YES;
				GCC_PREFIX_HEADER = "ExpenseShare/ExpenseShare-Prefix.pch";
				INFOPLIST_FILE = "ExpenseShare/ExpenseShare-Info.plist";
				PRODUCT_NAME = "$(TARGET_NAME)";
				WRAPPER_EXTENSION = app;
			};
			name = Debug;
		};
		B95643BD164C7A1E0045DF92 /* Release */ = {
			isa = XCBuildConfiguration;
			buildSettings = {
				GCC_PRECOMPILE_PREFIX_HEADER = YES;
				GCC_PREFIX_HEADER = "ExpenseShare/ExpenseShare-Prefix.pch";
				INFOPLIST_FILE = "ExpenseShare/ExpenseShare-Info.plist";
				PRODUCT_NAME = "$(TARGET_NAME)";
				WRAPPER_EXTENSION = app;
			};
			name = Release;
		};
		B95643BF164C7A1E0045DF92 /* Debug */ = {
			isa = XCBuildConfiguration;
			buildSettings = {
				BUNDLE_LOADER = "$(BUILT_PRODUCTS_DIR)/ExpenseShare.app/ExpenseShare";
				FRAMEWORK_SEARCH_PATHS = (
					"\"$(SDKROOT)/Developer/Library/Frameworks\"",
					"\"$(DEVELOPER_LIBRARY_DIR)/Frameworks\"",
				);
				GCC_PRECOMPILE_PREFIX_HEADER = YES;
				GCC_PREFIX_HEADER = "ExpenseShare/ExpenseShare-Prefix.pch";
				INFOPLIST_FILE = "ExpenseShareTests/ExpenseShareTests-Info.plist";
				PRODUCT_NAME = "$(TARGET_NAME)";
				TEST_HOST = "$(BUNDLE_LOADER)";
				WRAPPER_EXTENSION = octest;
			};
			name = Debug;
		};
		B95643C0164C7A1E0045DF92 /* Release */ = {
			isa = XCBuildConfiguration;
			buildSettings = {
				BUNDLE_LOADER = "$(BUILT_PRODUCTS_DIR)/ExpenseShare.app/ExpenseShare";
				FRAMEWORK_SEARCH_PATHS = (
					"\"$(SDKROOT)/Developer/Library/Frameworks\"",
					"\"$(DEVELOPER_LIBRARY_DIR)/Frameworks\"",
				);
				GCC_PRECOMPILE_PREFIX_HEADER = YES;
				GCC_PREFIX_HEADER = "ExpenseShare/ExpenseShare-Prefix.pch";
				INFOPLIST_FILE = "ExpenseShareTests/ExpenseShareTests-Info.plist";
				PRODUCT_NAME = "$(TARGET_NAME)";
				TEST_HOST = "$(BUNDLE_LOADER)";
				WRAPPER_EXTENSION = octest;
			};
			name = Release;
		};
/* End XCBuildConfiguration section */

/* Begin XCConfigurationList section */
		B956436E164C7A1E0045DF92 /* Build configuration list for PBXProject "ExpenseShare" */ = {
			isa = XCConfigurationList;
			buildConfigurations = (
				B95643B9164C7A1E0045DF92 /* Debug */,
				B95643BA164C7A1E0045DF92 /* Release */,
			);
			defaultConfigurationIsVisible = 0;
			defaultConfigurationName = Release;
		};
		B95643BB164C7A1E0045DF92 /* Build configuration list for PBXNativeTarget "ExpenseShare" */ = {
			isa = XCConfigurationList;
			buildConfigurations = (
				B95643BC164C7A1E0045DF92 /* Debug */,
				B95643BD164C7A1E0045DF92 /* Release */,
			);
			defaultConfigurationIsVisible = 0;
			defaultConfigurationName = Release;
		};
		B95643BE164C7A1E0045DF92 /* Build configuration list for PBXNativeTarget "ExpenseShareTests" */ = {
			isa = XCConfigurationList;
			buildConfigurations = (
				B95643BF164C7A1E0045DF92 /* Debug */,
				B95643C0164C7A1E0045DF92 /* Release */,
			);
			defaultConfigurationIsVisible = 0;
			defaultConfigurationName = Release;
		};
/* End XCConfigurationList section */
	};
	rootObject = B956436B164C7A1E0045DF92 /* Project object */;
}
