// !$*UTF8*$!
{
	archiveVersion = 1;
	classes = {
	};
	objectVersion = 46;
	objects = {

/* Begin PBXBuildFile section */
		226517BB1653F5BE008183CE /* UIKit.framework in Frameworks */ = {isa = PBXBuildFile; fileRef = 226517BA1653F5BE008183CE /* UIKit.framework */; };
		226517BD1653F5BE008183CE /* Foundation.framework in Frameworks */ = {isa = PBXBuildFile; fileRef = 226517BC1653F5BE008183CE /* Foundation.framework */; };
		226517BF1653F5BE008183CE /* CoreGraphics.framework in Frameworks */ = {isa = PBXBuildFile; fileRef = 226517BE1653F5BE008183CE /* CoreGraphics.framework */; };
		226517C51653F5BE008183CE /* InfoPlist.strings in Resources */ = {isa = PBXBuildFile; fileRef = 226517C31653F5BE008183CE /* InfoPlist.strings */; };
		226517C71653F5BE008183CE /* main.m in Sources */ = {isa = PBXBuildFile; fileRef = 226517C61653F5BE008183CE /* main.m */; };
		226517CB1653F5BE008183CE /* AppDelegate.m in Sources */ = {isa = PBXBuildFile; fileRef = 226517CA1653F5BE008183CE /* AppDelegate.m */; };
		226517CE1653F5BE008183CE /* MainStoryboard_iPhone.storyboard in Resources */ = {isa = PBXBuildFile; fileRef = 226517CC1653F5BE008183CE /* MainStoryboard_iPhone.storyboard */; };
		226517D11653F5BE008183CE /* MainStoryboard_iPad.storyboard in Resources */ = {isa = PBXBuildFile; fileRef = 226517CF1653F5BE008183CE /* MainStoryboard_iPad.storyboard */; };
		226517D41653F5BE008183CE /* ViewController.m in Sources */ = {isa = PBXBuildFile; fileRef = 226517D31653F5BE008183CE /* ViewController.m */; };
		2288C5B91655DE9800F961E6 /* MainWindow.xib in Resources */ = {isa = PBXBuildFile; fileRef = 2288C5B81655DE9800F961E6 /* MainWindow.xib */; };
		2288C5BC1655DE9F00F961E6 /* LoginViewController.xib in Resources */ = {isa = PBXBuildFile; fileRef = 2288C5BB1655DE9F00F961E6 /* LoginViewController.xib */; };
		2288C5C31655DEAD00F961E6 /* RoomieHelperAppDelegate.m in Sources */ = {isa = PBXBuildFile; fileRef = 2288C5BE1655DEAC00F961E6 /* RoomieHelperAppDelegate.m */; };
		2288C5C41655DEAD00F961E6 /* LoginViewController.m in Sources */ = {isa = PBXBuildFile; fileRef = 2288C5C01655DEAC00F961E6 /* LoginViewController.m */; };
		2288C5C51655DEAD00F961E6 /* SignUpViewController.m in Sources */ = {isa = PBXBuildFile; fileRef = 2288C5C21655DEAD00F961E6 /* SignUpViewController.m */; };
		2288C5C71655ED3900F961E6 /* temp.jpg in Resources */ = {isa = PBXBuildFile; fileRef = 2288C5C61655ED3900F961E6 /* temp.jpg */; };
		2288C5CD1655F5A100F961E6 /* SignUpViewController.xib in Resources */ = {isa = PBXBuildFile; fileRef = 2288C5CC1655F5A000F961E6 /* SignUpViewController.xib */; };
		22BB12971653FD9500AEA01B /* ScheduleTableViewController.m in Sources */ = {isa = PBXBuildFile; fileRef = 22BB12961653FD9500AEA01B /* ScheduleTableViewController.m */; };
		22BB12A816540C7200AEA01B /* ScheduleList.plist in Resources */ = {isa = PBXBuildFile; fileRef = 22BB12A716540C7200AEA01B /* ScheduleList.plist */; };
		22BB12B7165413B900AEA01B /* AddSchedule.m in Sources */ = {isa = PBXBuildFile; fileRef = 22BB12B6165413B900AEA01B /* AddSchedule.m */; };
		22BB12BA1654369B00AEA01B /* DetailView.m in Sources */ = {isa = PBXBuildFile; fileRef = 22BB12B91654369B00AEA01B /* DetailView.m */; };
		22BDD779165570D50028052A /* EditViewController.m in Sources */ = {isa = PBXBuildFile; fileRef = 22BDD778165570D50028052A /* EditViewController.m */; };
		22F0D6F51654B08300D69715 /* CostDetailController.m in Sources */ = {isa = PBXBuildFile; fileRef = 22F0D6F41654B08300D69715 /* CostDetailController.m */; };
		22F0D6F91654BCB300D69715 /* OtherDetailView.m in Sources */ = {isa = PBXBuildFile; fileRef = 22F0D6F81654BCB300D69715 /* OtherDetailView.m */; };
		B929FE0416642A9E009FF28D /* ProfileTableViewCell.m in Sources */ = {isa = PBXBuildFile; fileRef = B929FE0316642A9E009FF28D /* ProfileTableViewCell.m */; };
		B929FE071664989D009FF28D /* osx.jpg in Resources */ = {isa = PBXBuildFile; fileRef = B929FE061664989D009FF28D /* osx.jpg */; };
		B929FE0A1665361C009FF28D /* EventTableViewCell.m in Sources */ = {isa = PBXBuildFile; fileRef = B929FE091665361C009FF28D /* EventTableViewCell.m */; };
		B929FE101665366F009FF28D /* Event.m in Sources */ = {isa = PBXBuildFile; fileRef = B929FE0F1665366F009FF28D /* Event.m */; };
		B929FE16166544E8009FF28D /* FeedTableViewCell.m in Sources */ = {isa = PBXBuildFile; fileRef = B929FE15166544E8009FF28D /* FeedTableViewCell.m */; };
		B929FE321668316C009FF28D /* Default-568h@2x.png in Resources */ = {isa = PBXBuildFile; fileRef = B929FE311668316C009FF28D /* Default-568h@2x.png */; };
		B929FE3316683F8B009FF28D /* InviteViewController.m in Sources */ = {isa = PBXBuildFile; fileRef = 020EDA9916560F73007F2E80 /* InviteViewController.m */; };
		B929FE3A1669FD07009FF28D /* DataAccess.m in Sources */ = {isa = PBXBuildFile; fileRef = B929FE391669FD06009FF28D /* DataAccess.m */; };
		B929FE3C166A02BE009FF28D /* libsqlite3.dylib in Frameworks */ = {isa = PBXBuildFile; fileRef = B929FE3B166A02BE009FF28D /* libsqlite3.dylib */; };
		B929FE3D166A23CB009FF28D /* CreateGroupTableViewController.m in Sources */ = {isa = PBXBuildFile; fileRef = 020EDA9B16560F73007F2E80 /* CreateGroupTableViewController.m */; };
		B929FE4D166C03AD009FF28D /* ActiveProfile.m in Sources */ = {isa = PBXBuildFile; fileRef = B929FE4C166C03AC009FF28D /* ActiveProfile.m */; };
		B9A427CA1660D8420020EE93 /* MainTableViewController.m in Sources */ = {isa = PBXBuildFile; fileRef = B9A427C81660D8410020EE93 /* MainTableViewController.m */; };
		B9A427CB1660D8420020EE93 /* MainTableViewController.xib in Resources */ = {isa = PBXBuildFile; fileRef = B9A427C91660D8420020EE93 /* MainTableViewController.xib */; };
		B9A427CE16624E700020EE93 /* Profile.m in Sources */ = {isa = PBXBuildFile; fileRef = B9A427CD16624E700020EE93 /* Profile.m */; };
/* End PBXBuildFile section */

/* Begin PBXFileReference section */
		020EDA9816560F73007F2E80 /* InviteViewController.h */ = {isa = PBXFileReference; lastKnownFileType = sourcecode.c.h; path = InviteViewController.h; sourceTree = "<group>"; };
		020EDA9916560F73007F2E80 /* InviteViewController.m */ = {isa = PBXFileReference; lastKnownFileType = sourcecode.c.objc; path = InviteViewController.m; sourceTree = "<group>"; };
		020EDA9A16560F73007F2E80 /* CreateGroupTableViewController.h */ = {isa = PBXFileReference; lastKnownFileType = sourcecode.c.h; path = CreateGroupTableViewController.h; sourceTree = "<group>"; };
		020EDA9B16560F73007F2E80 /* CreateGroupTableViewController.m */ = {isa = PBXFileReference; lastKnownFileType = sourcecode.c.objc; path = CreateGroupTableViewController.m; sourceTree = "<group>"; };
		226517B61653F5BE008183CE /* Apple2.app */ = {isa = PBXFileReference; explicitFileType = wrapper.application; includeInIndex = 0; path = Apple2.app; sourceTree = BUILT_PRODUCTS_DIR; };
		226517BA1653F5BE008183CE /* UIKit.framework */ = {isa = PBXFileReference; lastKnownFileType = wrapper.framework; name = UIKit.framework; path = System/Library/Frameworks/UIKit.framework; sourceTree = SDKROOT; };
		226517BC1653F5BE008183CE /* Foundation.framework */ = {isa = PBXFileReference; lastKnownFileType = wrapper.framework; name = Foundation.framework; path = System/Library/Frameworks/Foundation.framework; sourceTree = SDKROOT; };
		226517BE1653F5BE008183CE /* CoreGraphics.framework */ = {isa = PBXFileReference; lastKnownFileType = wrapper.framework; name = CoreGraphics.framework; path = System/Library/Frameworks/CoreGraphics.framework; sourceTree = SDKROOT; };
		226517C21653F5BE008183CE /* Apple2-Info.plist */ = {isa = PBXFileReference; lastKnownFileType = text.plist.xml; path = "Apple2-Info.plist"; sourceTree = "<group>"; };
		226517C41653F5BE008183CE /* en */ = {isa = PBXFileReference; lastKnownFileType = text.plist.strings; name = en; path = en.lproj/InfoPlist.strings; sourceTree = "<group>"; };
		226517C61653F5BE008183CE /* main.m */ = {isa = PBXFileReference; lastKnownFileType = sourcecode.c.objc; path = main.m; sourceTree = "<group>"; };
		226517C81653F5BE008183CE /* Apple2-Prefix.pch */ = {isa = PBXFileReference; lastKnownFileType = sourcecode.c.h; path = "Apple2-Prefix.pch"; sourceTree = "<group>"; };
		226517C91653F5BE008183CE /* AppDelegate.h */ = {isa = PBXFileReference; lastKnownFileType = sourcecode.c.h; path = AppDelegate.h; sourceTree = "<group>"; };
		226517CA1653F5BE008183CE /* AppDelegate.m */ = {isa = PBXFileReference; lastKnownFileType = sourcecode.c.objc; path = AppDelegate.m; sourceTree = "<group>"; };
		226517CD1653F5BE008183CE /* en */ = {isa = PBXFileReference; lastKnownFileType = file.storyboard; name = en; path = en.lproj/MainStoryboard_iPhone.storyboard; sourceTree = "<group>"; };
		226517D01653F5BE008183CE /* en */ = {isa = PBXFileReference; lastKnownFileType = file.storyboard; name = en; path = en.lproj/MainStoryboard_iPad.storyboard; sourceTree = "<group>"; };
		226517D21653F5BE008183CE /* ViewController.h */ = {isa = PBXFileReference; lastKnownFileType = sourcecode.c.h; path = ViewController.h; sourceTree = "<group>"; };
		226517D31653F5BE008183CE /* ViewController.m */ = {isa = PBXFileReference; lastKnownFileType = sourcecode.c.objc; path = ViewController.m; sourceTree = "<group>"; };
		2288C5B81655DE9800F961E6 /* MainWindow.xib */ = {isa = PBXFileReference; fileEncoding = 4; lastKnownFileType = file.xib; path = MainWindow.xib; sourceTree = "<group>"; };
		2288C5BB1655DE9F00F961E6 /* LoginViewController.xib */ = {isa = PBXFileReference; fileEncoding = 4; lastKnownFileType = file.xib; path = LoginViewController.xib; sourceTree = "<group>"; };
		2288C5BD1655DEAC00F961E6 /* RoomieHelperAppDelegate.h */ = {isa = PBXFileReference; fileEncoding = 4; lastKnownFileType = sourcecode.c.h; path = RoomieHelperAppDelegate.h; sourceTree = "<group>"; };
		2288C5BE1655DEAC00F961E6 /* RoomieHelperAppDelegate.m */ = {isa = PBXFileReference; fileEncoding = 4; lastKnownFileType = sourcecode.c.objc; path = RoomieHelperAppDelegate.m; sourceTree = "<group>"; };
		2288C5C01655DEAC00F961E6 /* LoginViewController.m */ = {isa = PBXFileReference; fileEncoding = 4; lastKnownFileType = sourcecode.c.objc; path = LoginViewController.m; sourceTree = "<group>"; };
		2288C5C11655DEAC00F961E6 /* SignUpViewController.h */ = {isa = PBXFileReference; fileEncoding = 4; lastKnownFileType = sourcecode.c.h; path = SignUpViewController.h; sourceTree = "<group>"; };
		2288C5C21655DEAD00F961E6 /* SignUpViewController.m */ = {isa = PBXFileReference; fileEncoding = 4; lastKnownFileType = sourcecode.c.objc; path = SignUpViewController.m; sourceTree = "<group>"; };
		2288C5C61655ED3900F961E6 /* temp.jpg */ = {isa = PBXFileReference; lastKnownFileType = image.jpeg; path = temp.jpg; sourceTree = "<group>"; };
		2288C5CC1655F5A000F961E6 /* SignUpViewController.xib */ = {isa = PBXFileReference; fileEncoding = 4; lastKnownFileType = file.xib; path = SignUpViewController.xib; sourceTree = "<group>"; };
		22BB12951653FD9500AEA01B /* ScheduleTableViewController.h */ = {isa = PBXFileReference; fileEncoding = 4; lastKnownFileType = sourcecode.c.h; path = ScheduleTableViewController.h; sourceTree = "<group>"; };
		22BB12961653FD9500AEA01B /* ScheduleTableViewController.m */ = {isa = PBXFileReference; fileEncoding = 4; lastKnownFileType = sourcecode.c.objc; path = ScheduleTableViewController.m; sourceTree = "<group>"; };
		22BB12A716540C7200AEA01B /* ScheduleList.plist */ = {isa = PBXFileReference; fileEncoding = 4; lastKnownFileType = text.plist.xml; path = ScheduleList.plist; sourceTree = "<group>"; };
		22BB12B5165413B900AEA01B /* AddSchedule.h */ = {isa = PBXFileReference; fileEncoding = 4; lastKnownFileType = sourcecode.c.h; path = AddSchedule.h; sourceTree = "<group>"; };
		22BB12B6165413B900AEA01B /* AddSchedule.m */ = {isa = PBXFileReference; fileEncoding = 4; lastKnownFileType = sourcecode.c.objc; path = AddSchedule.m; sourceTree = "<group>"; };
		22BB12B81654369B00AEA01B /* DetailView.h */ = {isa = PBXFileReference; fileEncoding = 4; lastKnownFileType = sourcecode.c.h; path = DetailView.h; sourceTree = "<group>"; };
		22BB12B91654369B00AEA01B /* DetailView.m */ = {isa = PBXFileReference; fileEncoding = 4; lastKnownFileType = sourcecode.c.objc; path = DetailView.m; sourceTree = "<group>"; };
		22BDD777165570D40028052A /* EditViewController.h */ = {isa = PBXFileReference; fileEncoding = 4; lastKnownFileType = sourcecode.c.h; path = EditViewController.h; sourceTree = "<group>"; };
		22BDD778165570D50028052A /* EditViewController.m */ = {isa = PBXFileReference; fileEncoding = 4; lastKnownFileType = sourcecode.c.objc; path = EditViewController.m; sourceTree = "<group>"; };
		22F0D6F31654B08300D69715 /* CostDetailController.h */ = {isa = PBXFileReference; fileEncoding = 4; lastKnownFileType = sourcecode.c.h; path = CostDetailController.h; sourceTree = "<group>"; };
		22F0D6F41654B08300D69715 /* CostDetailController.m */ = {isa = PBXFileReference; fileEncoding = 4; lastKnownFileType = sourcecode.c.objc; path = CostDetailController.m; sourceTree = "<group>"; };
		22F0D6F71654BCB300D69715 /* OtherDetailView.h */ = {isa = PBXFileReference; fileEncoding = 4; lastKnownFileType = sourcecode.c.h; path = OtherDetailView.h; sourceTree = "<group>"; };
		22F0D6F81654BCB300D69715 /* OtherDetailView.m */ = {isa = PBXFileReference; fileEncoding = 4; lastKnownFileType = sourcecode.c.objc; path = OtherDetailView.m; sourceTree = "<group>"; };
		B929FE0216642A9E009FF28D /* ProfileTableViewCell.h */ = {isa = PBXFileReference; fileEncoding = 4; lastKnownFileType = sourcecode.c.h; path = ProfileTableViewCell.h; sourceTree = "<group>"; };
		B929FE0316642A9E009FF28D /* ProfileTableViewCell.m */ = {isa = PBXFileReference; fileEncoding = 4; lastKnownFileType = sourcecode.c.objc; path = ProfileTableViewCell.m; sourceTree = "<group>"; };
		B929FE061664989D009FF28D /* osx.jpg */ = {isa = PBXFileReference; lastKnownFileType = image.jpeg; path = osx.jpg; sourceTree = "<group>"; };
		B929FE081665361C009FF28D /* EventTableViewCell.h */ = {isa = PBXFileReference; fileEncoding = 4; lastKnownFileType = sourcecode.c.h; path = EventTableViewCell.h; sourceTree = "<group>"; };
		B929FE091665361C009FF28D /* EventTableViewCell.m */ = {isa = PBXFileReference; fileEncoding = 4; lastKnownFileType = sourcecode.c.objc; path = EventTableViewCell.m; sourceTree = "<group>"; };
		B929FE0E1665366F009FF28D /* Event.h */ = {isa = PBXFileReference; fileEncoding = 4; lastKnownFileType = sourcecode.c.h; path = Event.h; sourceTree = "<group>"; };
		B929FE0F1665366F009FF28D /* Event.m */ = {isa = PBXFileReference; fileEncoding = 4; lastKnownFileType = sourcecode.c.objc; path = Event.m; sourceTree = "<group>"; };
		B929FE14166544E7009FF28D /* FeedTableViewCell.h */ = {isa = PBXFileReference; fileEncoding = 4; lastKnownFileType = sourcecode.c.h; path = FeedTableViewCell.h; sourceTree = "<group>"; };
		B929FE15166544E8009FF28D /* FeedTableViewCell.m */ = {isa = PBXFileReference; fileEncoding = 4; lastKnownFileType = sourcecode.c.objc; path = FeedTableViewCell.m; sourceTree = "<group>"; };
		B929FE311668316C009FF28D /* Default-568h@2x.png */ = {isa = PBXFileReference; lastKnownFileType = image.png; name = "Default-568h@2x.png"; path = "../Default-568h@2x.png"; sourceTree = "<group>"; };
		B929FE381669FD06009FF28D /* DataAccess.h */ = {isa = PBXFileReference; fileEncoding = 4; lastKnownFileType = sourcecode.c.h; path = DataAccess.h; sourceTree = "<group>"; };
		B929FE391669FD06009FF28D /* DataAccess.m */ = {isa = PBXFileReference; fileEncoding = 4; lastKnownFileType = sourcecode.c.objc; path = DataAccess.m; sourceTree = "<group>"; };
		B929FE3B166A02BE009FF28D /* libsqlite3.dylib */ = {isa = PBXFileReference; lastKnownFileType = "compiled.mach-o.dylib"; name = libsqlite3.dylib; path = usr/lib/libsqlite3.dylib; sourceTree = SDKROOT; };
		B929FE3F166A2970009FF28D /* LoginViewController.h */ = {isa = PBXFileReference; fileEncoding = 4; lastKnownFileType = sourcecode.c.h; path = LoginViewController.h; sourceTree = "<group>"; };
		B929FE4B166C03AC009FF28D /* ActiveProfile.h */ = {isa = PBXFileReference; fileEncoding = 4; lastKnownFileType = sourcecode.c.h; path = ActiveProfile.h; sourceTree = "<group>"; };
		B929FE4C166C03AC009FF28D /* ActiveProfile.m */ = {isa = PBXFileReference; fileEncoding = 4; lastKnownFileType = sourcecode.c.objc; path = ActiveProfile.m; sourceTree = "<group>"; };
		B9A427C71660D8410020EE93 /* MainTableViewController.h */ = {isa = PBXFileReference; fileEncoding = 4; lastKnownFileType = sourcecode.c.h; path = MainTableViewController.h; sourceTree = "<group>"; };
		B9A427C81660D8410020EE93 /* MainTableViewController.m */ = {isa = PBXFileReference; fileEncoding = 4; lastKnownFileType = sourcecode.c.objc; path = MainTableViewController.m; sourceTree = "<group>"; };
		B9A427C91660D8420020EE93 /* MainTableViewController.xib */ = {isa = PBXFileReference; fileEncoding = 4; lastKnownFileType = file.xib; path = MainTableViewController.xib; sourceTree = "<group>"; };
		B9A427CC16624E6F0020EE93 /* Profile.h */ = {isa = PBXFileReference; fileEncoding = 4; lastKnownFileType = sourcecode.c.h; path = Profile.h; sourceTree = "<group>"; };
		B9A427CD16624E700020EE93 /* Profile.m */ = {isa = PBXFileReference; fileEncoding = 4; lastKnownFileType = sourcecode.c.objc; path = Profile.m; sourceTree = "<group>"; };
/* End PBXFileReference section */

/* Begin PBXFrameworksBuildPhase section */
		226517B31653F5BE008183CE /* Frameworks */ = {
			isa = PBXFrameworksBuildPhase;
			buildActionMask = 2147483647;
			files = (
				B929FE3C166A02BE009FF28D /* libsqlite3.dylib in Frameworks */,
				226517BB1653F5BE008183CE /* UIKit.framework in Frameworks */,
				226517BD1653F5BE008183CE /* Foundation.framework in Frameworks */,
				226517BF1653F5BE008183CE /* CoreGraphics.framework in Frameworks */,
			);
			runOnlyForDeploymentPostprocessing = 0;
		};
/* End PBXFrameworksBuildPhase section */

/* Begin PBXGroup section */
		226517AB1653F5BE008183CE = {
			isa = PBXGroup;
			children = (
				226517C01653F5BE008183CE /* Apple2 */,
				226517B91653F5BE008183CE /* Frameworks */,
				226517B71653F5BE008183CE /* Products */,
			);
			sourceTree = "<group>";
		};
		226517B71653F5BE008183CE /* Products */ = {
			isa = PBXGroup;
			children = (
				226517B61653F5BE008183CE /* Apple2.app */,
			);
			name = Products;
			sourceTree = "<group>";
		};
		226517B91653F5BE008183CE /* Frameworks */ = {
			isa = PBXGroup;
			children = (
				B929FE3B166A02BE009FF28D /* libsqlite3.dylib */,
				226517BA1653F5BE008183CE /* UIKit.framework */,
				226517BC1653F5BE008183CE /* Foundation.framework */,
				226517BE1653F5BE008183CE /* CoreGraphics.framework */,
			);
			name = Frameworks;
			sourceTree = "<group>";
		};
		226517C01653F5BE008183CE /* Apple2 */ = {
			isa = PBXGroup;
			children = (
				226517CC1653F5BE008183CE /* MainStoryboard_iPhone.storyboard */,
				226517CF1653F5BE008183CE /* MainStoryboard_iPad.storyboard */,
				B9A427C91660D8420020EE93 /* MainTableViewController.xib */,
				2288C5BB1655DE9F00F961E6 /* LoginViewController.xib */,
				2288C5B81655DE9800F961E6 /* MainWindow.xib */,
				2288C5CC1655F5A000F961E6 /* SignUpViewController.xib */,
				B929FE381669FD06009FF28D /* DataAccess.h */,
				B929FE391669FD06009FF28D /* DataAccess.m */,
				226517C91653F5BE008183CE /* AppDelegate.h */,
				226517CA1653F5BE008183CE /* AppDelegate.m */,
				22BDD777165570D40028052A /* EditViewController.h */,
				22BDD778165570D50028052A /* EditViewController.m */,
				22F0D6F71654BCB300D69715 /* OtherDetailView.h */,
				22F0D6F81654BCB300D69715 /* OtherDetailView.m */,
				22F0D6F31654B08300D69715 /* CostDetailController.h */,
				22F0D6F41654B08300D69715 /* CostDetailController.m */,
				22BB12B81654369B00AEA01B /* DetailView.h */,
				22BB12B91654369B00AEA01B /* DetailView.m */,
				22BB12B5165413B900AEA01B /* AddSchedule.h */,
				22BB12B6165413B900AEA01B /* AddSchedule.m */,
				22BB12951653FD9500AEA01B /* ScheduleTableViewController.h */,
				22BB12961653FD9500AEA01B /* ScheduleTableViewController.m */,
				226517D21653F5BE008183CE /* ViewController.h */,
				226517D31653F5BE008183CE /* ViewController.m */,
				2288C5BD1655DEAC00F961E6 /* RoomieHelperAppDelegate.h */,
				2288C5BE1655DEAC00F961E6 /* RoomieHelperAppDelegate.m */,
				B929FE3F166A2970009FF28D /* LoginViewController.h */,
				2288C5C01655DEAC00F961E6 /* LoginViewController.m */,
				2288C5C11655DEAC00F961E6 /* SignUpViewController.h */,
				2288C5C21655DEAD00F961E6 /* SignUpViewController.m */,
				020EDA9816560F73007F2E80 /* InviteViewController.h */,
				020EDA9916560F73007F2E80 /* InviteViewController.m */,
				020EDA9A16560F73007F2E80 /* CreateGroupTableViewController.h */,
				020EDA9B16560F73007F2E80 /* CreateGroupTableViewController.m */,
				B929FE17166544EE009FF28D /* MainPage */,
				226517C11653F5BE008183CE /* Supporting Files */,
			);
			path = Apple2;
			sourceTree = "<group>";
		};
		226517C11653F5BE008183CE /* Supporting Files */ = {
			isa = PBXGroup;
			children = (
				B929FE311668316C009FF28D /* Default-568h@2x.png */,
				B929FE061664989D009FF28D /* osx.jpg */,
				2288C5C61655ED3900F961E6 /* temp.jpg */,
				226517C21653F5BE008183CE /* Apple2-Info.plist */,
				226517C31653F5BE008183CE /* InfoPlist.strings */,
				226517C61653F5BE008183CE /* main.m */,
				226517C81653F5BE008183CE /* Apple2-Prefix.pch */,
				22BB12A716540C7200AEA01B /* ScheduleList.plist */,
			);
			name = "Supporting Files";
			sourceTree = "<group>";
		};
		B929FE17166544EE009FF28D /* MainPage */ = {
			isa = PBXGroup;
			children = (
				B9A427C71660D8410020EE93 /* MainTableViewController.h */,
				B9A427C81660D8410020EE93 /* MainTableViewController.m */,
				B9A427CC16624E6F0020EE93 /* Profile.h */,
				B9A427CD16624E700020EE93 /* Profile.m */,
				B929FE0216642A9E009FF28D /* ProfileTableViewCell.h */,
				B929FE0316642A9E009FF28D /* ProfileTableViewCell.m */,
				B929FE0E1665366F009FF28D /* Event.h */,
				B929FE0F1665366F009FF28D /* Event.m */,
				B929FE081665361C009FF28D /* EventTableViewCell.h */,
				B929FE091665361C009FF28D /* EventTableViewCell.m */,
				B929FE14166544E7009FF28D /* FeedTableViewCell.h */,
				B929FE15166544E8009FF28D /* FeedTableViewCell.m */,
				B929FE4B166C03AC009FF28D /* ActiveProfile.h */,
				B929FE4C166C03AC009FF28D /* ActiveProfile.m */,
			);
			name = MainPage;
			sourceTree = "<group>";
		};
/* End PBXGroup section */

/* Begin PBXNativeTarget section */
		226517B51653F5BE008183CE /* Apple2 */ = {
			isa = PBXNativeTarget;
			buildConfigurationList = 226517D71653F5BE008183CE /* Build configuration list for PBXNativeTarget "Apple2" */;
			buildPhases = (
				226517B21653F5BE008183CE /* Sources */,
				226517B31653F5BE008183CE /* Frameworks */,
				226517B41653F5BE008183CE /* Resources */,
			);
			buildRules = (
			);
			dependencies = (
			);
			name = Apple2;
			productName = Apple2;
			productReference = 226517B61653F5BE008183CE /* Apple2.app */;
			productType = "com.apple.product-type.application";
		};
/* End PBXNativeTarget section */

/* Begin PBXProject section */
		226517AD1653F5BE008183CE /* Project object */ = {
			isa = PBXProject;
			attributes = {
				LastUpgradeCheck = 0420;
			};
			buildConfigurationList = 226517B01653F5BE008183CE /* Build configuration list for PBXProject "Apple2" */;
			compatibilityVersion = "Xcode 3.2";
			developmentRegion = English;
			hasScannedForEncodings = 0;
			knownRegions = (
				en,
			);
			mainGroup = 226517AB1653F5BE008183CE;
			productRefGroup = 226517B71653F5BE008183CE /* Products */;
			projectDirPath = "";
			projectRoot = "";
			targets = (
				226517B51653F5BE008183CE /* Apple2 */,
			);
		};
/* End PBXProject section */

/* Begin PBXResourcesBuildPhase section */
		226517B41653F5BE008183CE /* Resources */ = {
			isa = PBXResourcesBuildPhase;
			buildActionMask = 2147483647;
			files = (
				226517C51653F5BE008183CE /* InfoPlist.strings in Resources */,
				226517CE1653F5BE008183CE /* MainStoryboard_iPhone.storyboard in Resources */,
				226517D11653F5BE008183CE /* MainStoryboard_iPad.storyboard in Resources */,
				22BB12A816540C7200AEA01B /* ScheduleList.plist in Resources */,
				2288C5B91655DE9800F961E6 /* MainWindow.xib in Resources */,
				2288C5BC1655DE9F00F961E6 /* LoginViewController.xib in Resources */,
				2288C5C71655ED3900F961E6 /* temp.jpg in Resources */,
				2288C5CD1655F5A100F961E6 /* SignUpViewController.xib in Resources */,
				B9A427CB1660D8420020EE93 /* MainTableViewController.xib in Resources */,
				B929FE071664989D009FF28D /* osx.jpg in Resources */,
				B929FE321668316C009FF28D /* Default-568h@2x.png in Resources */,
			);
			runOnlyForDeploymentPostprocessing = 0;
		};
/* End PBXResourcesBuildPhase section */

/* Begin PBXSourcesBuildPhase section */
		226517B21653F5BE008183CE /* Sources */ = {
			isa = PBXSourcesBuildPhase;
			buildActionMask = 2147483647;
			files = (
				B929FE3D166A23CB009FF28D /* CreateGroupTableViewController.m in Sources */,
				226517C71653F5BE008183CE /* main.m in Sources */,
				226517CB1653F5BE008183CE /* AppDelegate.m in Sources */,
				226517D41653F5BE008183CE /* ViewController.m in Sources */,
				22BB12971653FD9500AEA01B /* ScheduleTableViewController.m in Sources */,
				22BB12B7165413B900AEA01B /* AddSchedule.m in Sources */,
				22BB12BA1654369B00AEA01B /* DetailView.m in Sources */,
				22F0D6F51654B08300D69715 /* CostDetailController.m in Sources */,
				22F0D6F91654BCB300D69715 /* OtherDetailView.m in Sources */,
				22BDD779165570D50028052A /* EditViewController.m in Sources */,
				2288C5C31655DEAD00F961E6 /* RoomieHelperAppDelegate.m in Sources */,
				2288C5C51655DEAD00F961E6 /* SignUpViewController.m in Sources */,
				B9A427CA1660D8420020EE93 /* MainTableViewController.m in Sources */,
				B9A427CE16624E700020EE93 /* Profile.m in Sources */,
				B929FE0416642A9E009FF28D /* ProfileTableViewCell.m in Sources */,
				B929FE0A1665361C009FF28D /* EventTableViewCell.m in Sources */,
				B929FE101665366F009FF28D /* Event.m in Sources */,
				B929FE16166544E8009FF28D /* FeedTableViewCell.m in Sources */,
				B929FE3316683F8B009FF28D /* InviteViewController.m in Sources */,
				2288C5C41655DEAD00F961E6 /* LoginViewController.m in Sources */,
				B929FE3A1669FD07009FF28D /* DataAccess.m in Sources */,
				B929FE4D166C03AD009FF28D /* ActiveProfile.m in Sources */,
			);
			runOnlyForDeploymentPostprocessing = 0;
		};
/* End PBXSourcesBuildPhase section */

/* Begin PBXVariantGroup section */
		226517C31653F5BE008183CE /* InfoPlist.strings */ = {
			isa = PBXVariantGroup;
			children = (
				226517C41653F5BE008183CE /* en */,
			);
			name = InfoPlist.strings;
			sourceTree = "<group>";
		};
		226517CC1653F5BE008183CE /* MainStoryboard_iPhone.storyboard */ = {
			isa = PBXVariantGroup;
			children = (
				226517CD1653F5BE008183CE /* en */,
			);
			name = MainStoryboard_iPhone.storyboard;
			sourceTree = "<group>";
		};
		226517CF1653F5BE008183CE /* MainStoryboard_iPad.storyboard */ = {
			isa = PBXVariantGroup;
			children = (
				226517D01653F5BE008183CE /* en */,
			);
			name = MainStoryboard_iPad.storyboard;
			sourceTree = "<group>";
		};
/* End PBXVariantGroup section */

/* Begin XCBuildConfiguration section */
		226517D51653F5BE008183CE /* Debug */ = {
			isa = XCBuildConfiguration;
			buildSettings = {
				ALWAYS_SEARCH_USER_PATHS = NO;
				ARCHS = "$(ARCHS_STANDARD_32_BIT)";
				CLANG_ENABLE_OBJC_ARC = YES;
				"CODE_SIGN_IDENTITY[sdk=iphoneos*]" = "iPhone Developer";
				COPY_PHASE_STRIP = NO;
				GCC_C_LANGUAGE_STANDARD = gnu99;
				GCC_DYNAMIC_NO_PIC = NO;
				GCC_OPTIMIZATION_LEVEL = 0;
				GCC_PREPROCESSOR_DEFINITIONS = (
					"DEBUG=1",
					"$(inherited)",
				);
				GCC_SYMBOLS_PRIVATE_EXTERN = NO;
				GCC_VERSION = com.apple.compilers.llvm.clang.1_0;
				GCC_WARN_ABOUT_MISSING_PROTOTYPES = YES;
				GCC_WARN_ABOUT_RETURN_TYPE = YES;
				GCC_WARN_UNUSED_VARIABLE = YES;
				IPHONEOS_DEPLOYMENT_TARGET = 5.0;
				SDKROOT = iphoneos;
				TARGETED_DEVICE_FAMILY = "1,2";
			};
			name = Debug;
		};
		226517D61653F5BE008183CE /* Release */ = {
			isa = XCBuildConfiguration;
			buildSettings = {
				ALWAYS_SEARCH_USER_PATHS = NO;
				ARCHS = "$(ARCHS_STANDARD_32_BIT)";
				CLANG_ENABLE_OBJC_ARC = YES;
				"CODE_SIGN_IDENTITY[sdk=iphoneos*]" = "iPhone Developer";
				COPY_PHASE_STRIP = YES;
				GCC_C_LANGUAGE_STANDARD = gnu99;
				GCC_VERSION = com.apple.compilers.llvm.clang.1_0;
				GCC_WARN_ABOUT_MISSING_PROTOTYPES = YES;
				GCC_WARN_ABOUT_RETURN_TYPE = YES;
				GCC_WARN_UNUSED_VARIABLE = YES;
				IPHONEOS_DEPLOYMENT_TARGET = 5.0;
				OTHER_CFLAGS = "-DNS_BLOCK_ASSERTIONS=1";
				SDKROOT = iphoneos;
				TARGETED_DEVICE_FAMILY = "1,2";
				VALIDATE_PRODUCT = YES;
			};
			name = Release;
		};
		226517D81653F5BE008183CE /* Debug */ = {
			isa = XCBuildConfiguration;
			buildSettings = {
				GCC_PRECOMPILE_PREFIX_HEADER = YES;
				GCC_PREFIX_HEADER = "Apple2/Apple2-Prefix.pch";
				INFOPLIST_FILE = "Apple2/Apple2-Info.plist";
				PRODUCT_NAME = "$(TARGET_NAME)";
				WRAPPER_EXTENSION = app;
			};
			name = Debug;
		};
		226517D91653F5BE008183CE /* Release */ = {
			isa = XCBuildConfiguration;
			buildSettings = {
				GCC_PRECOMPILE_PREFIX_HEADER = YES;
				GCC_PREFIX_HEADER = "Apple2/Apple2-Prefix.pch";
				INFOPLIST_FILE = "Apple2/Apple2-Info.plist";
				PRODUCT_NAME = "$(TARGET_NAME)";
				WRAPPER_EXTENSION = app;
			};
			name = Release;
		};
/* End XCBuildConfiguration section */

/* Begin XCConfigurationList section */
		226517B01653F5BE008183CE /* Build configuration list for PBXProject "Apple2" */ = {
			isa = XCConfigurationList;
			buildConfigurations = (
				226517D51653F5BE008183CE /* Debug */,
				226517D61653F5BE008183CE /* Release */,
			);
			defaultConfigurationIsVisible = 0;
			defaultConfigurationName = Release;
		};
		226517D71653F5BE008183CE /* Build configuration list for PBXNativeTarget "Apple2" */ = {
			isa = XCConfigurationList;
			buildConfigurations = (
				226517D81653F5BE008183CE /* Debug */,
				226517D91653F5BE008183CE /* Release */,
			);
			defaultConfigurationIsVisible = 0;
			defaultConfigurationName = Release;
		};
/* End XCConfigurationList section */
	};
	rootObject = 226517AD1653F5BE008183CE /* Project object */;
}
